
Microsoft Visual Studio Solution File, Format Version 12.00
# Visual Studio Version 17
VisualStudioVersion = 17.4.33213.308
MinimumVisualStudioVersion = 10.0.40219.1
Project("{9A19103F-16F7-4668-BE54-9A1E7A4F7556}") = "Marketplace", "Marketplace\Marketplace.csproj", "{EA6D88D3-F6BD-43A8-B720-BC26D2104C82}"
EndProject
Project("{2150E333-8FDC-42A3-9474-1A3956D46DE8}") = "RavenDb", "RavenDb", "{CA4429F9-4262-4657-9E03-6F23656B4DA9}"
EndProject
Project("{9A19103F-16F7-4668-BE54-9A1E7A4F7556}") = "Marketplace.Domain", "Marketplace.Domain\Marketplace.Domain.csproj", "{AE6D35CF-92E3-476D-A29C-B7B0392C66ED}"
EndProject
Project("{2150E333-8FDC-42A3-9474-1A3956D46DE8}") = "Tests", "Tests", "{8768DF09-5CE3-4254-9B01-3861805837DF}"
EndProject
Project("{9A19103F-16F7-4668-BE54-9A1E7A4F7556}") = "Marketplace.Test", "Marketplace.Test\Marketplace.Test.csproj", "{AC691648-DA0C-43BB-AEC3-DC0A1CEB9C2C}"
EndProject
Project("{2150E333-8FDC-42A3-9474-1A3956D46DE8}") = "Infrastructure", "Infrastructure", "{02900437-9CA8-4725-95D1-828814D0402E}"
EndProject
Project("{9A19103F-16F7-4668-BE54-9A1E7A4F7556}") = "Marketplace.Infrastructure", "Marketplace.Infrastructure\Marketplace.Infrastructure.csproj", "{70C6C6FE-E0C4-4925-B8A1-F2ECF337B00A}"
EndProject
Project("{2150E333-8FDC-42A3-9474-1A3956D46DE8}") = "Core.Domain", "Core.Domain", "{E583BC66-C1C8-42FE-9E9C-1190138572DF}"
EndProject
Project("{9A19103F-16F7-4668-BE54-9A1E7A4F7556}") = "Contracts", "Contracts\Contracts.csproj", "{404A4346-0D74-4E01-A1EC-BFCAC47F7C72}"
EndProject
Project("{2150E333-8FDC-42A3-9474-1A3956D46DE8}") = "MarketPlace.FrameWork", "MarketPlace.FrameWork", "{1765F276-2858-41F8-BC94-F7F7DAF54225}"
EndProject
Project("{9A19103F-16F7-4668-BE54-9A1E7A4F7556}") = "Marketplace.Framework", "Marketplace.Framework\Marketplace.Framework.csproj", "{A1274D82-9FA9-44CE-8E54-8F19939E711A}"
EndProject
Project("{2150E333-8FDC-42A3-9474-1A3956D46DE8}") = "EFCore", "EFCore", "{A218B403-9BFB-497A-91C7-87BAF03ECE03}"
EndProject
Project("{2150E333-8FDC-42A3-9474-1A3956D46DE8}") = "Marketplace.Core", "Marketplace.Core", "{A6313E1A-3232-4553-AC9D-BBEA4F5D9B97}"
EndProject
Project("{2150E333-8FDC-42A3-9474-1A3956D46DE8}") = "Core.Domain", "Core.Domain", "{47761CB3-4ADC-4D6D-92B3-B5A339ED86C2}"
EndProject
Project("{2150E333-8FDC-42A3-9474-1A3956D46DE8}") = "Marketplace.Infrastructure", "Marketplace.Infrastructure", "{F2803758-244E-4CBE-B97E-B976FB5FA03C}"
EndProject
Project("{2150E333-8FDC-42A3-9474-1A3956D46DE8}") = "Markectplace.Framework", "Markectplace.Framework", "{6EF4C897-0D09-427C-A41C-75C2151ABD92}"
EndProject
Project("{9A19103F-16F7-4668-BE54-9A1E7A4F7556}") = "Framework", "Framework\Framework.csproj", "{BCDB8DFD-DBC3-4748-AA97-E0F2AB0FA1F1}"
EndProject
Project("{9A19103F-16F7-4668-BE54-9A1E7A4F7556}") = "Core.Domain", "Core.Domain\Core.Domain.csproj", "{3DCFBB2C-3286-45A2-83AD-D48E848B6D19}"
EndProject
Project("{9A19103F-16F7-4668-BE54-9A1E7A4F7556}") = "Infrastructure", "Infrastructure\Infrastructure.csproj", "{96CDEC4D-730F-44B9-B92B-601F660E3AD9}"
EndProject
Project("{2150E333-8FDC-42A3-9474-1A3956D46DE8}") = "Marketplace.EndPoint", "Marketplace.EndPoint", "{B01AAB2A-B1DB-4E2B-906A-3D0980256728}"
EndProject
Project("{9A19103F-16F7-4668-BE54-9A1E7A4F7556}") = "Endpoint", "Endpoint\Endpoint.csproj", "{65DF07C5-6E3B-4B5C-A81B-D5F4DBC449B2}"
EndProject
Global
	GlobalSection(SolutionConfigurationPlatforms) = preSolution
		Debug|Any CPU = Debug|Any CPU
		Release|Any CPU = Release|Any CPU
	EndGlobalSection
	GlobalSection(ProjectConfigurationPlatforms) = postSolution
		{EA6D88D3-F6BD-43A8-B720-BC26D2104C82}.Debug|Any CPU.ActiveCfg = Debug|Any CPU
		{EA6D88D3-F6BD-43A8-B720-BC26D2104C82}.Debug|Any CPU.Build.0 = Debug|Any CPU
		{EA6D88D3-F6BD-43A8-B720-BC26D2104C82}.Release|Any CPU.ActiveCfg = Release|Any CPU
		{EA6D88D3-F6BD-43A8-B720-BC26D2104C82}.Release|Any CPU.Build.0 = Release|Any CPU
		{AE6D35CF-92E3-476D-A29C-B7B0392C66ED}.Debug|Any CPU.ActiveCfg = Debug|Any CPU
		{AE6D35CF-92E3-476D-A29C-B7B0392C66ED}.Debug|Any CPU.Build.0 = Debug|Any CPU
		{AE6D35CF-92E3-476D-A29C-B7B0392C66ED}.Release|Any CPU.ActiveCfg = Release|Any CPU
		{AE6D35CF-92E3-476D-A29C-B7B0392C66ED}.Release|Any CPU.Build.0 = Release|Any CPU
		{AC691648-DA0C-43BB-AEC3-DC0A1CEB9C2C}.Debug|Any CPU.ActiveCfg = Debug|Any CPU
		{AC691648-DA0C-43BB-AEC3-DC0A1CEB9C2C}.Debug|Any CPU.Build.0 = Debug|Any CPU
		{AC691648-DA0C-43BB-AEC3-DC0A1CEB9C2C}.Release|Any CPU.ActiveCfg = Release|Any CPU
		{AC691648-DA0C-43BB-AEC3-DC0A1CEB9C2C}.Release|Any CPU.Build.0 = Release|Any CPU
		{70C6C6FE-E0C4-4925-B8A1-F2ECF337B00A}.Debug|Any CPU.ActiveCfg = Debug|Any CPU
		{70C6C6FE-E0C4-4925-B8A1-F2ECF337B00A}.Debug|Any CPU.Build.0 = Debug|Any CPU
		{70C6C6FE-E0C4-4925-B8A1-F2ECF337B00A}.Release|Any CPU.ActiveCfg = Release|Any CPU
		{70C6C6FE-E0C4-4925-B8A1-F2ECF337B00A}.Release|Any CPU.Build.0 = Release|Any CPU
		{404A4346-0D74-4E01-A1EC-BFCAC47F7C72}.Debug|Any CPU.ActiveCfg = Debug|Any CPU
		{404A4346-0D74-4E01-A1EC-BFCAC47F7C72}.Debug|Any CPU.Build.0 = Debug|Any CPU
		{404A4346-0D74-4E01-A1EC-BFCAC47F7C72}.Release|Any CPU.ActiveCfg = Release|Any CPU
		{404A4346-0D74-4E01-A1EC-BFCAC47F7C72}.Release|Any CPU.Build.0 = Release|Any CPU
		{A1274D82-9FA9-44CE-8E54-8F19939E711A}.Debug|Any CPU.ActiveCfg = Debug|Any CPU
		{A1274D82-9FA9-44CE-8E54-8F19939E711A}.Debug|Any CPU.Build.0 = Debug|Any CPU
		{A1274D82-9FA9-44CE-8E54-8F19939E711A}.Release|Any CPU.ActiveCfg = Release|Any CPU
		{A1274D82-9FA9-44CE-8E54-8F19939E711A}.Release|Any CPU.Build.0 = Release|Any CPU
		{BCDB8DFD-DBC3-4748-AA97-E0F2AB0FA1F1}.Debug|Any CPU.ActiveCfg = Debug|Any CPU
		{BCDB8DFD-DBC3-4748-AA97-E0F2AB0FA1F1}.Debug|Any CPU.Build.0 = Debug|Any CPU
		{BCDB8DFD-DBC3-4748-AA97-E0F2AB0FA1F1}.Release|Any CPU.ActiveCfg = Release|Any CPU
		{BCDB8DFD-DBC3-4748-AA97-E0F2AB0FA1F1}.Release|Any CPU.Build.0 = Release|Any CPU
		{3DCFBB2C-3286-45A2-83AD-D48E848B6D19}.Debug|Any CPU.ActiveCfg = Debug|Any CPU
		{3DCFBB2C-3286-45A2-83AD-D48E848B6D19}.Debug|Any CPU.Build.0 = Debug|Any CPU
		{3DCFBB2C-3286-45A2-83AD-D48E848B6D19}.Release|Any CPU.ActiveCfg = Release|Any CPU
		{3DCFBB2C-3286-45A2-83AD-D48E848B6D19}.Release|Any CPU.Build.0 = Release|Any CPU
		{96CDEC4D-730F-44B9-B92B-601F660E3AD9}.Debug|Any CPU.ActiveCfg = Debug|Any CPU
		{96CDEC4D-730F-44B9-B92B-601F660E3AD9}.Debug|Any CPU.Build.0 = Debug|Any CPU
		{96CDEC4D-730F-44B9-B92B-601F660E3AD9}.Release|Any CPU.ActiveCfg = Release|Any CPU
		{96CDEC4D-730F-44B9-B92B-601F660E3AD9}.Release|Any CPU.Build.0 = Release|Any CPU
		{65DF07C5-6E3B-4B5C-A81B-D5F4DBC449B2}.Debug|Any CPU.ActiveCfg = Debug|Any CPU
		{65DF07C5-6E3B-4B5C-A81B-D5F4DBC449B2}.Debug|Any CPU.Build.0 = Debug|Any CPU
		{65DF07C5-6E3B-4B5C-A81B-D5F4DBC449B2}.Release|Any CPU.ActiveCfg = Release|Any CPU
		{65DF07C5-6E3B-4B5C-A81B-D5F4DBC449B2}.Release|Any CPU.Build.0 = Release|Any CPU
	EndGlobalSection
	GlobalSection(SolutionProperties) = preSolution
		HideSolutionNode = FALSE
	EndGlobalSection
	GlobalSection(NestedProjects) = preSolution
		{EA6D88D3-F6BD-43A8-B720-BC26D2104C82} = {CA4429F9-4262-4657-9E03-6F23656B4DA9}
		{AE6D35CF-92E3-476D-A29C-B7B0392C66ED} = {E583BC66-C1C8-42FE-9E9C-1190138572DF}
		{8768DF09-5CE3-4254-9B01-3861805837DF} = {CA4429F9-4262-4657-9E03-6F23656B4DA9}
		{AC691648-DA0C-43BB-AEC3-DC0A1CEB9C2C} = {8768DF09-5CE3-4254-9B01-3861805837DF}
		{02900437-9CA8-4725-95D1-828814D0402E} = {CA4429F9-4262-4657-9E03-6F23656B4DA9}
		{70C6C6FE-E0C4-4925-B8A1-F2ECF337B00A} = {02900437-9CA8-4725-95D1-828814D0402E}
		{E583BC66-C1C8-42FE-9E9C-1190138572DF} = {CA4429F9-4262-4657-9E03-6F23656B4DA9}
		{404A4346-0D74-4E01-A1EC-BFCAC47F7C72} = {E583BC66-C1C8-42FE-9E9C-1190138572DF}
		{1765F276-2858-41F8-BC94-F7F7DAF54225} = {CA4429F9-4262-4657-9E03-6F23656B4DA9}
		{A1274D82-9FA9-44CE-8E54-8F19939E711A} = {1765F276-2858-41F8-BC94-F7F7DAF54225}
		{A6313E1A-3232-4553-AC9D-BBEA4F5D9B97} = {A218B403-9BFB-497A-91C7-87BAF03ECE03}
		{47761CB3-4ADC-4D6D-92B3-B5A339ED86C2} = {A6313E1A-3232-4553-AC9D-BBEA4F5D9B97}
		{F2803758-244E-4CBE-B97E-B976FB5FA03C} = {A218B403-9BFB-497A-91C7-87BAF03ECE03}
		{6EF4C897-0D09-427C-A41C-75C2151ABD92} = {A218B403-9BFB-497A-91C7-87BAF03ECE03}
		{BCDB8DFD-DBC3-4748-AA97-E0F2AB0FA1F1} = {6EF4C897-0D09-427C-A41C-75C2151ABD92}
		{3DCFBB2C-3286-45A2-83AD-D48E848B6D19} = {47761CB3-4ADC-4D6D-92B3-B5A339ED86C2}
		{96CDEC4D-730F-44B9-B92B-601F660E3AD9} = {F2803758-244E-4CBE-B97E-B976FB5FA03C}
		{B01AAB2A-B1DB-4E2B-906A-3D0980256728} = {A218B403-9BFB-497A-91C7-87BAF03ECE03}
		{65DF07C5-6E3B-4B5C-A81B-D5F4DBC449B2} = {B01AAB2A-B1DB-4E2B-906A-3D0980256728}
	EndGlobalSection
	GlobalSection(ExtensibilityGlobals) = postSolution
		SolutionGuid = {77899958-3902-4E47-AB00-DB3D82C446E9}
	EndGlobalSection
EndGlobal
